{
  "requires": true,
  "lockfileVersion": 1,
  "dependencies": {
    "autobind-decorator": {
      "version": "1.4.3",
      "resolved": "https://registry.npmjs.org/autobind-decorator/-/autobind-decorator-1.4.3.tgz",
      "integrity": "sha1-TJb/p3sQYi7eJPEQ9du/VmkUF9E="
    },
    "jupyter-react-js": {
      "version": "0.5.1",
      "resolved": "https://registry.npmjs.org/jupyter-react-js/-/jupyter-react-js-0.5.1.tgz",
      "integrity": "sha1-k90HqkQ/LzSIb2IrbKLqzypSXuM=",
      "requires": {
        "autobind-decorator": "1.4.3"
      }
    }
  }
}
